
Microsoft Visual Studio Solution File, Format Version 12.00
# Visual Studio Version 17
VisualStudioVersion = 17.6.33829.357
MinimumVisualStudioVersion = 10.0.40219.1
Project("{FAE04EC0-301F-11D3-BF4B-00C04F79EFBC}") = "WebAppTest", "WebAppTest\WebAppTest.csproj", "{1462E9EF-1054-4950-A388-844538C35488}"
EndProject
Global
	GlobalSection(SolutionConfigurationPlatforms) = preSolution
		Debug|Any CPU = Debug|Any CPU
		Release|Any CPU = Release|Any CPU
	EndGlobalSection
	GlobalSection(ProjectConfigurationPlatforms) = postSolution
		{1462E9EF-1054-4950-A388-844538C35488}.Debug|Any CPU.ActiveCfg = Debug|Any CPU
		{1462E9EF-1054-4950-A388-844538C35488}.Debug|Any CPU.Build.0 = Debug|Any CPU
		{1462E9EF-1054-4950-A388-844538C35488}.Release|Any CPU.ActiveCfg = Release|Any CPU
		{1462E9EF-1054-4950-A388-844538C35488}.Release|Any CPU.Build.0 = Release|Any CPU
	EndGlobalSection
	GlobalSection(SolutionProperties) = preSolution
		HideSolutionNode = FALSE
	EndGlobalSection
	GlobalSection(ExtensibilityGlobals) = postSolution
		SolutionGuid = {365EF9F3-22C4-4C9F-BCA8-5F1A48C16D14}
	EndGlobalSection
EndGlobal
